
Microsoft Visual Studio Solution File, Format Version 12.00
# Visual Studio Version 16
VisualStudioVersion = 16.0.31729.503
MinimumVisualStudioVersion = 10.0.40219.1
Project("{FAE04EC0-301F-11D3-BF4B-00C04F79EFBC}") = "Exam", "Exam.csproj", "{20697903-1772-4554-88AE-0D884E23642F}"
EndProject
Global
	GlobalSection(SolutionConfigurationPlatforms) = preSolution
		Debug|Any CPU = Debug|Any CPU
		Release|Any CPU = Release|Any CPU
	EndGlobalSection
	GlobalSection(ProjectConfigurationPlatforms) = postSolution
		{20697903-1772-4554-88AE-0D884E23642F}.Debug|Any CPU.ActiveCfg = Debug|Any CPU
		{20697903-1772-4554-88AE-0D884E23642F}.Debug|Any CPU.Build.0 = Debug|Any CPU
		{20697903-1772-4554-88AE-0D884E23642F}.Release|Any CPU.ActiveCfg = Release|Any CPU
		{20697903-1772-4554-88AE-0D884E23642F}.Release|Any CPU.Build.0 = Release|Any CPU
	EndGlobalSection
	GlobalSection(SolutionProperties) = preSolution
		HideSolutionNode = FALSE
	EndGlobalSection
	GlobalSection(ExtensibilityGlobals) = postSolution
		SolutionGuid = {908D1C2D-F60E-4104-9593-F1F396E70FE2}
	EndGlobalSection
EndGlobal
